
Microsoft Visual Studio Solution File, Format Version 12.00
# Visual Studio Version 17
VisualStudioVersion = 17.3.32819.101
MinimumVisualStudioVersion = 10.0.40219.1
Project("{FAE04EC0-301F-11D3-BF4B-00C04F79EFBC}") = "MultiLanguageAspNetCoreWebAPI", "MultiLanguageAspNetCoreWebAPI\MultiLanguageAspNetCoreWebAPI.csproj", "{0F3757D5-FE21-4F1D-AF95-E78D43A6F45A}"
EndProject
Global
	GlobalSection(SolutionConfigurationPlatforms) = preSolution
		Debug|Any CPU = Debug|Any CPU
		Release|Any CPU = Release|Any CPU
	EndGlobalSection
	GlobalSection(ProjectConfigurationPlatforms) = postSolution
		{0F3757D5-FE21-4F1D-AF95-E78D43A6F45A}.Debug|Any CPU.ActiveCfg = Debug|Any CPU
		{0F3757D5-FE21-4F1D-AF95-E78D43A6F45A}.Debug|Any CPU.Build.0 = Debug|Any CPU
		{0F3757D5-FE21-4F1D-AF95-E78D43A6F45A}.Release|Any CPU.ActiveCfg = Release|Any CPU
		{0F3757D5-FE21-4F1D-AF95-E78D43A6F45A}.Release|Any CPU.Build.0 = Release|Any CPU
	EndGlobalSection
	GlobalSection(SolutionProperties) = preSolution
		HideSolutionNode = FALSE
	EndGlobalSection
	GlobalSection(ExtensibilityGlobals) = postSolution
		SolutionGuid = {B50EC444-3205-4BBD-A6C5-31DFEDA6051D}
	EndGlobalSection
EndGlobal
